// !$*UTF8*$!
{
	archiveVersion = 1;
	classes = {
	};
	objectVersion = 56;
	objects = {

/* Begin PBXBuildFile section */
		31123B742C79AD6D00B41DF7 /* ExploreViewModel.swift in Sources */ = {isa = PBXBuildFile; fileRef = 31123B732C79AD6D00B41DF7 /* ExploreViewModel.swift */; };
		31123B772C79ADB300B41DF7 /* ExploreService.swift in Sources */ = {isa = PBXBuildFile; fileRef = 31123B762C79ADB300B41DF7 /* ExploreService.swift */; };
		31123B792C79DCD300B41DF7 /* Regions+Extenstion.swift in Sources */ = {isa = PBXBuildFile; fileRef = 31123B782C79DCD300B41DF7 /* Regions+Extenstion.swift */; };
		3123CD6C2C66527F000C0CC1 /* AirbnbSwiftUIApp.swift in Sources */ = {isa = PBXBuildFile; fileRef = 3123CD6B2C66527F000C0CC1 /* AirbnbSwiftUIApp.swift */; };
		3123CD702C665280000C0CC1 /* Assets.xcassets in Resources */ = {isa = PBXBuildFile; fileRef = 3123CD6F2C665280000C0CC1 /* Assets.xcassets */; };
		3123CD732C665280000C0CC1 /* Preview Assets.xcassets in Resources */ = {isa = PBXBuildFile; fileRef = 3123CD722C665280000C0CC1 /* Preview Assets.xcassets */; };
		3123CD7F2C665348000C0CC1 /* ExploreView.swift in Sources */ = {isa = PBXBuildFile; fileRef = 3123CD7E2C665348000C0CC1 /* ExploreView.swift */; };
		3123CD812C665400000C0CC1 /* ListingItemView.swift in Sources */ = {isa = PBXBuildFile; fileRef = 3123CD802C665400000C0CC1 /* ListingItemView.swift */; };
		3123CD832C67729B000C0CC1 /* SearchView.swift in Sources */ = {isa = PBXBuildFile; fileRef = 3123CD822C67729B000C0CC1 /* SearchView.swift */; };
		3184A12C2C6A6BFE00505096 /* ListingDetailView.swift in Sources */ = {isa = PBXBuildFile; fileRef = 3184A12B2C6A6BFE00505096 /* ListingDetailView.swift */; };
		3184A12E2C6A6C6700505096 /* ListingImageView.swift in Sources */ = {isa = PBXBuildFile; fileRef = 3184A12D2C6A6C6700505096 /* ListingImageView.swift */; };
		31CC9A732C738155007A090E /* SearchDestinationView.swift in Sources */ = {isa = PBXBuildFile; fileRef = 31CC9A722C738155007A090E /* SearchDestinationView.swift */; };
		31CC9A752C75BF05007A090E /* ProfileView.swift in Sources */ = {isa = PBXBuildFile; fileRef = 31CC9A742C75BF05007A090E /* ProfileView.swift */; };
		31CC9A772C75C02D007A090E /* ProfileOptionRowView.swift in Sources */ = {isa = PBXBuildFile; fileRef = 31CC9A762C75C02D007A090E /* ProfileOptionRowView.swift */; };
		31E99E0F2C77D1AF00B839D7 /* WishlistsView.swift in Sources */ = {isa = PBXBuildFile; fileRef = 31E99E0E2C77D1AF00B839D7 /* WishlistsView.swift */; };
		31E99E112C78DEE800B839D7 /* MainTabView.swift in Sources */ = {isa = PBXBuildFile; fileRef = 31E99E102C78DEE800B839D7 /* MainTabView.swift */; };
		31E99E142C78E04100B839D7 /* Listing.swift in Sources */ = {isa = PBXBuildFile; fileRef = 31E99E132C78E04100B839D7 /* Listing.swift */; };
/* End PBXBuildFile section */

/* Begin PBXFileReference section */
		31123B732C79AD6D00B41DF7 /* ExploreViewModel.swift */ = {isa = PBXFileReference; lastKnownFileType = sourcecode.swift; path = ExploreViewModel.swift; sourceTree = "<group>"; };
		31123B762C79ADB300B41DF7 /* ExploreService.swift */ = {isa = PBXFileReference; lastKnownFileType = sourcecode.swift; path = ExploreService.swift; sourceTree = "<group>"; };
		31123B782C79DCD300B41DF7 /* Regions+Extenstion.swift */ = {isa = PBXFileReference; lastKnownFileType = sourcecode.swift; path = "Regions+Extenstion.swift"; sourceTree = "<group>"; };
		3123CD682C66527F000C0CC1 /* AirbnbSwiftUI.app */ = {isa = PBXFileReference; explicitFileType = wrapper.application; includeInIndex = 0; path = AirbnbSwiftUI.app; sourceTree = BUILT_PRODUCTS_DIR; };
		3123CD6B2C66527F000C0CC1 /* AirbnbSwiftUIApp.swift */ = {isa = PBXFileReference; lastKnownFileType = sourcecode.swift; path = AirbnbSwiftUIApp.swift; sourceTree = "<group>"; };
		3123CD6F2C665280000C0CC1 /* Assets.xcassets */ = {isa = PBXFileReference; lastKnownFileType = folder.assetcatalog; path = Assets.xcassets; sourceTree = "<group>"; };
		3123CD722C665280000C0CC1 /* Preview Assets.xcassets */ = {isa = PBXFileReference; lastKnownFileType = folder.assetcatalog; path = "Preview Assets.xcassets"; sourceTree = "<group>"; };
		3123CD7E2C665348000C0CC1 /* ExploreView.swift */ = {isa = PBXFileReference; lastKnownFileType = sourcecode.swift; path = ExploreView.swift; sourceTree = "<group>"; };
		3123CD802C665400000C0CC1 /* ListingItemView.swift */ = {isa = PBXFileReference; lastKnownFileType = sourcecode.swift; path = ListingItemView.swift; sourceTree = "<group>"; };
		3123CD822C67729B000C0CC1 /* SearchView.swift */ = {isa = PBXFileReference; lastKnownFileType = sourcecode.swift; path = SearchView.swift; sourceTree = "<group>"; };
		3184A12B2C6A6BFE00505096 /* ListingDetailView.swift */ = {isa = PBXFileReference; lastKnownFileType = sourcecode.swift; path = ListingDetailView.swift; sourceTree = "<group>"; };
		3184A12D2C6A6C6700505096 /* ListingImageView.swift */ = {isa = PBXFileReference; lastKnownFileType = sourcecode.swift; path = ListingImageView.swift; sourceTree = "<group>"; };
		31CC9A722C738155007A090E /* SearchDestinationView.swift */ = {isa = PBXFileReference; lastKnownFileType = sourcecode.swift; path = SearchDestinationView.swift; sourceTree = "<group>"; };
		31CC9A742C75BF05007A090E /* ProfileView.swift */ = {isa = PBXFileReference; lastKnownFileType = sourcecode.swift; path = ProfileView.swift; sourceTree = "<group>"; };
		31CC9A762C75C02D007A090E /* ProfileOptionRowView.swift */ = {isa = PBXFileReference; lastKnownFileType = sourcecode.swift; path = ProfileOptionRowView.swift; sourceTree = "<group>"; };
		31E99E0E2C77D1AF00B839D7 /* WishlistsView.swift */ = {isa = PBXFileReference; lastKnownFileType = sourcecode.swift; path = WishlistsView.swift; sourceTree = "<group>"; };
		31E99E102C78DEE800B839D7 /* MainTabView.swift */ = {isa = PBXFileReference; lastKnownFileType = sourcecode.swift; path = MainTabView.swift; sourceTree = "<group>"; };
		31E99E132C78E04100B839D7 /* Listing.swift */ = {isa = PBXFileReference; lastKnownFileType = sourcecode.swift; path = Listing.swift; sourceTree = "<group>"; };
/* End PBXFileReference section */

/* Begin PBXFrameworksBuildPhase section */
		3123CD652C66527F000C0CC1 /* Frameworks */ = {
			isa = PBXFrameworksBuildPhase;
			buildActionMask = 2147483647;
			files = (
			);
			runOnlyForDeploymentPostprocessing = 0;
		};
/* End PBXFrameworksBuildPhase section */

/* Begin PBXGroup section */
		31123B712C79AD4600B41DF7 /* View */ = {
			isa = PBXGroup;
			children = (
				3123CD7E2C665348000C0CC1 /* ExploreView.swift */,
				3123CD822C67729B000C0CC1 /* SearchView.swift */,
				31CC9A722C738155007A090E /* SearchDestinationView.swift */,
				3123CD802C665400000C0CC1 /* ListingItemView.swift */,
				3184A12B2C6A6BFE00505096 /* ListingDetailView.swift */,
				3184A12D2C6A6C6700505096 /* ListingImageView.swift */,
				31E99E102C78DEE800B839D7 /* MainTabView.swift */,
			);
			path = View;
			sourceTree = "<group>";
		};
		31123B722C79AD5500B41DF7 /* ViewModel */ = {
			isa = PBXGroup;
			children = (
				31123B732C79AD6D00B41DF7 /* ExploreViewModel.swift */,
			);
			path = ViewModel;
			sourceTree = "<group>";
		};
		31123B752C79ADA800B41DF7 /* Service */ = {
			isa = PBXGroup;
			children = (
				31123B762C79ADB300B41DF7 /* ExploreService.swift */,
			);
			path = Service;
			sourceTree = "<group>";
		};
		3123CD5F2C66527F000C0CC1 = {
			isa = PBXGroup;
			children = (
				3123CD6A2C66527F000C0CC1 /* AirbnbSwiftUI */,
				3123CD692C66527F000C0CC1 /* Products */,
			);
			sourceTree = "<group>";
		};
		3123CD692C66527F000C0CC1 /* Products */ = {
			isa = PBXGroup;
			children = (
				3123CD682C66527F000C0CC1 /* AirbnbSwiftUI.app */,
			);
			name = Products;
			sourceTree = "<group>";
		};
		3123CD6A2C66527F000C0CC1 /* AirbnbSwiftUI */ = {
			isa = PBXGroup;
			children = (
				3123CD7D2C665306000C0CC1 /* Wishlist */,
				3123CD7C2C6652F3000C0CC1 /* Explore */,
				3123CD7B2C6652EB000C0CC1 /* Profile */,
				3123CD7A2C6652E2000C0CC1 /* Map */,
				3123CD792C66529E000C0CC1 /* Extensions */,
				3123CD6B2C66527F000C0CC1 /* AirbnbSwiftUIApp.swift */,
				3123CD6F2C665280000C0CC1 /* Assets.xcassets */,
				3123CD712C665280000C0CC1 /* Preview Content */,
			);
			path = AirbnbSwiftUI;
			sourceTree = "<group>";
		};
		3123CD712C665280000C0CC1 /* Preview Content */ = {
			isa = PBXGroup;
			children = (
				3123CD722C665280000C0CC1 /* Preview Assets.xcassets */,
			);
			path = "Preview Content";
			sourceTree = "<group>";
		};
		3123CD792C66529E000C0CC1 /* Extensions */ = {
			isa = PBXGroup;
			children = (
				31123B782C79DCD300B41DF7 /* Regions+Extenstion.swift */,
			);
			path = Extensions;
			sourceTree = "<group>";
		};
		3123CD7A2C6652E2000C0CC1 /* Map */ = {
			isa = PBXGroup;
			children = (
			);
			path = Map;
			sourceTree = "<group>";
		};
		3123CD7B2C6652EB000C0CC1 /* Profile */ = {
			isa = PBXGroup;
			children = (
				31CC9A742C75BF05007A090E /* ProfileView.swift */,
				31CC9A762C75C02D007A090E /* ProfileOptionRowView.swift */,
			);
			path = Profile;
			sourceTree = "<group>";
		};
		3123CD7C2C6652F3000C0CC1 /* Explore */ = {
			isa = PBXGroup;
			children = (
				31123B752C79ADA800B41DF7 /* Service */,
				31123B722C79AD5500B41DF7 /* ViewModel */,
				31123B712C79AD4600B41DF7 /* View */,
				31E99E122C78E02D00B839D7 /* Model */,
			);
			path = Explore;
			sourceTree = "<group>";
		};
		3123CD7D2C665306000C0CC1 /* Wishlist */ = {
			isa = PBXGroup;
			children = (
				31E99E0E2C77D1AF00B839D7 /* WishlistsView.swift */,
			);
			path = Wishlist;
			sourceTree = "<group>";
		};
		31E99E122C78E02D00B839D7 /* Model */ = {
			isa = PBXGroup;
			children = (
				31E99E132C78E04100B839D7 /* Listing.swift */,
			);
			path = Model;
			sourceTree = "<group>";
		};
/* End PBXGroup section */

/* Begin PBXNativeTarget section */
		3123CD672C66527F000C0CC1 /* AirbnbSwiftUI */ = {
			isa = PBXNativeTarget;
			buildConfigurationList = 3123CD762C665280000C0CC1 /* Build configuration list for PBXNativeTarget "AirbnbSwiftUI" */;
			buildPhases = (
				3123CD642C66527F000C0CC1 /* Sources */,
				3123CD652C66527F000C0CC1 /* Frameworks */,
				3123CD662C66527F000C0CC1 /* Resources */,
			);
			buildRules = (
			);
			dependencies = (
			);
			name = AirbnbSwiftUI;
			productName = AirbnbSwiftUI;
			productReference = 3123CD682C66527F000C0CC1 /* AirbnbSwiftUI.app */;
			productType = "com.apple.product-type.application";
		};
/* End PBXNativeTarget section */

/* Begin PBXProject section */
		3123CD602C66527F000C0CC1 /* Project object */ = {
			isa = PBXProject;
			attributes = {
				BuildIndependentTargetsInParallel = 1;
				LastSwiftUpdateCheck = 1520;
				LastUpgradeCheck = 1520;
				TargetAttributes = {
					3123CD672C66527F000C0CC1 = {
						CreatedOnToolsVersion = 15.2;
					};
				};
			};
			buildConfigurationList = 3123CD632C66527F000C0CC1 /* Build configuration list for PBXProject "AirbnbSwiftUI" */;
			compatibilityVersion = "Xcode 14.0";
			developmentRegion = en;
			hasScannedForEncodings = 0;
			knownRegions = (
				en,
				Base,
			);
			mainGroup = 3123CD5F2C66527F000C0CC1;
			productRefGroup = 3123CD692C66527F000C0CC1 /* Products */;
			projectDirPath = "";
			projectRoot = "";
			targets = (
				3123CD672C66527F000C0CC1 /* AirbnbSwiftUI */,
			);
		};
/* End PBXProject section */

/* Begin PBXResourcesBuildPhase section */
		3123CD662C66527F000C0CC1 /* Resources */ = {
			isa = PBXResourcesBuildPhase;
			buildActionMask = 2147483647;
			files = (
				3123CD732C665280000C0CC1 /* Preview Assets.xcassets in Resources */,
				3123CD702C665280000C0CC1 /* Assets.xcassets in Resources */,
			);
			runOnlyForDeploymentPostprocessing = 0;
		};
/* End PBXResourcesBuildPhase section */

/* Begin PBXSourcesBuildPhase section */
		3123CD642C66527F000C0CC1 /* Sources */ = {
			isa = PBXSourcesBuildPhase;
			buildActionMask = 2147483647;
			files = (
				31CC9A752C75BF05007A090E /* ProfileView.swift in Sources */,
				31123B772C79ADB300B41DF7 /* ExploreService.swift in Sources */,
				31CC9A772C75C02D007A090E /* ProfileOptionRowView.swift in Sources */,
				3123CD832C67729B000C0CC1 /* SearchView.swift in Sources */,
				31123B792C79DCD300B41DF7 /* Regions+Extenstion.swift in Sources */,
				3123CD812C665400000C0CC1 /* ListingItemView.swift in Sources */,
				3184A12C2C6A6BFE00505096 /* ListingDetailView.swift in Sources */,
				31E99E112C78DEE800B839D7 /* MainTabView.swift in Sources */,
				31CC9A732C738155007A090E /* SearchDestinationView.swift in Sources */,
				3123CD7F2C665348000C0CC1 /* ExploreView.swift in Sources */,
				31123B742C79AD6D00B41DF7 /* ExploreViewModel.swift in Sources */,
				31E99E0F2C77D1AF00B839D7 /* WishlistsView.swift in Sources */,
				3123CD6C2C66527F000C0CC1 /* AirbnbSwiftUIApp.swift in Sources */,
				31E99E142C78E04100B839D7 /* Listing.swift in Sources */,
				3184A12E2C6A6C6700505096 /* ListingImageView.swift in Sources */,
			);
			runOnlyForDeploymentPostprocessing = 0;
		};
/* End PBXSourcesBuildPhase section */

/* Begin XCBuildConfiguration section */
		3123CD742C665280000C0CC1 /* Debug */ = {
			isa = XCBuildConfiguration;
			buildSettings = {
				ALWAYS_SEARCH_USER_PATHS = NO;
				ASSETCATALOG_COMPILER_GENERATE_SWIFT_ASSET_SYMBOL_EXTENSIONS = YES;
				CLANG_ANALYZER_NONNULL = YES;
				CLANG_ANALYZER_NUMBER_OBJECT_CONVERSION = YES_AGGRESSIVE;
				CLANG_CXX_LANGUAGE_STANDARD = "gnu++20";
				CLANG_ENABLE_MODULES = YES;
				CLANG_ENABLE_OBJC_ARC = YES;
				CLANG_ENABLE_OBJC_WEAK = YES;
				CLANG_WARN_BLOCK_CAPTURE_AUTORELEASING = YES;
				CLANG_WARN_BOOL_CONVERSION = YES;
				CLANG_WARN_COMMA = YES;
				CLANG_WARN_CONSTANT_CONVERSION = YES;
				CLANG_WARN_DEPRECATED_OBJC_IMPLEMENTATIONS = YES;
				CLANG_WARN_DIRECT_OBJC_ISA_USAGE = YES_ERROR;
				CLANG_WARN_DOCUMENTATION_COMMENTS = YES;
				CLANG_WARN_EMPTY_BODY = YES;
				CLANG_WARN_ENUM_CONVERSION = YES;
				CLANG_WARN_INFINITE_RECURSION = YES;
				CLANG_WARN_INT_CONVERSION = YES;
				CLANG_WARN_NON_LITERAL_NULL_CONVERSION = YES;
				CLANG_WARN_OBJC_IMPLICIT_RETAIN_SELF = YES;
				CLANG_WARN_OBJC_LITERAL_CONVERSION = YES;
				CLANG_WARN_OBJC_ROOT_CLASS = YES_ERROR;
				CLANG_WARN_QUOTED_INCLUDE_IN_FRAMEWORK_HEADER = YES;
				CLANG_WARN_RANGE_LOOP_ANALYSIS = YES;
				CLANG_WARN_STRICT_PROTOTYPES = YES;
				CLANG_WARN_SUSPICIOUS_MOVE = YES;
				CLANG_WARN_UNGUARDED_AVAILABILITY = YES_AGGRESSIVE;
				CLANG_WARN_UNREACHABLE_CODE = YES;
				CLANG_WARN__DUPLICATE_METHOD_MATCH = YES;
				COPY_PHASE_STRIP = NO;
				DEBUG_INFORMATION_FORMAT = dwarf;
				ENABLE_STRICT_OBJC_MSGSEND = YES;
				ENABLE_TESTABILITY = YES;
				ENABLE_USER_SCRIPT_SANDBOXING = YES;
				GCC_C_LANGUAGE_STANDARD = gnu17;
				GCC_DYNAMIC_NO_PIC = NO;
				GCC_NO_COMMON_BLOCKS = YES;
				GCC_OPTIMIZATION_LEVEL = 0;
				GCC_PREPROCESSOR_DEFINITIONS = (
					"DEBUG=1",
					"$(inherited)",
				);
				GCC_WARN_64_TO_32_BIT_CONVERSION = YES;
				GCC_WARN_ABOUT_RETURN_TYPE = YES_ERROR;
				GCC_WARN_UNDECLARED_SELECTOR = YES;
				GCC_WARN_UNINITIALIZED_AUTOS = YES_AGGRESSIVE;
				GCC_WARN_UNUSED_FUNCTION = YES;
				GCC_WARN_UNUSED_VARIABLE = YES;
				IPHONEOS_DEPLOYMENT_TARGET = 17.2;
				LOCALIZATION_PREFERS_STRING_CATALOGS = YES;
				MTL_ENABLE_DEBUG_INFO = INCLUDE_SOURCE;
				MTL_FAST_MATH = YES;
				ONLY_ACTIVE_ARCH = YES;
				SDKROOT = iphoneos;
				SWIFT_ACTIVE_COMPILATION_CONDITIONS = "DEBUG $(inherited)";
				SWIFT_OPTIMIZATION_LEVEL = "-Onone";
			};
			name = Debug;
		};
		3123CD752C665280000C0CC1 /* Release */ = {
			isa = XCBuildConfiguration;
			buildSettings = {
				ALWAYS_SEARCH_USER_PATHS = NO;
				ASSETCATALOG_COMPILER_GENERATE_SWIFT_ASSET_SYMBOL_EXTENSIONS = YES;
				CLANG_ANALYZER_NONNULL = YES;
				CLANG_ANALYZER_NUMBER_OBJECT_CONVERSION = YES_AGGRESSIVE;
				CLANG_CXX_LANGUAGE_STANDARD = "gnu++20";
				CLANG_ENABLE_MODULES = YES;
				CLANG_ENABLE_OBJC_ARC = YES;
				CLANG_ENABLE_OBJC_WEAK = YES;
				CLANG_WARN_BLOCK_CAPTURE_AUTORELEASING = YES;
				CLANG_WARN_BOOL_CONVERSION = YES;
				CLANG_WARN_COMMA = YES;
				CLANG_WARN_CONSTANT_CONVERSION = YES;
				CLANG_WARN_DEPRECATED_OBJC_IMPLEMENTATIONS = YES;
				CLANG_WARN_DIRECT_OBJC_ISA_USAGE = YES_ERROR;
				CLANG_WARN_DOCUMENTATION_COMMENTS = YES;
				CLANG_WARN_EMPTY_BODY = YES;
				CLANG_WARN_ENUM_CONVERSION = YES;
				CLANG_WARN_INFINITE_RECURSION = YES;
				CLANG_WARN_INT_CONVERSION = YES;
				CLANG_WARN_NON_LITERAL_NULL_CONVERSION = YES;
				CLANG_WARN_OBJC_IMPLICIT_RETAIN_SELF = YES;
				CLANG_WARN_OBJC_LITERAL_CONVERSION = YES;
				CLANG_WARN_OBJC_ROOT_CLASS = YES_ERROR;
				CLANG_WARN_QUOTED_INCLUDE_IN_FRAMEWORK_HEADER = YES;
				CLANG_WARN_RANGE_LOOP_ANALYSIS = YES;
				CLANG_WARN_STRICT_PROTOTYPES = YES;
				CLANG_WARN_SUSPICIOUS_MOVE = YES;
				CLANG_WARN_UNGUARDED_AVAILABILITY = YES_AGGRESSIVE;
				CLANG_WARN_UNREACHABLE_CODE = YES;
				CLANG_WARN__DUPLICATE_METHOD_MATCH = YES;
				COPY_PHASE_STRIP = NO;
				DEBUG_INFORMATION_FORMAT = "dwarf-with-dsym";
				ENABLE_NS_ASSERTIONS = NO;
				ENABLE_STRICT_OBJC_MSGSEND = YES;
				ENABLE_USER_SCRIPT_SANDBOXING = YES;
				GCC_C_LANGUAGE_STANDARD = gnu17;
				GCC_NO_COMMON_BLOCKS = YES;
				GCC_WARN_64_TO_32_BIT_CONVERSION = YES;
				GCC_WARN_ABOUT_RETURN_TYPE = YES_ERROR;
				GCC_WARN_UNDECLARED_SELECTOR = YES;
				GCC_WARN_UNINITIALIZED_AUTOS = YES_AGGRESSIVE;
				GCC_WARN_UNUSED_FUNCTION = YES;
				GCC_WARN_UNUSED_VARIABLE = YES;
				IPHONEOS_DEPLOYMENT_TARGET = 17.2;
				LOCALIZATION_PREFERS_STRING_CATALOGS = YES;
				MTL_ENABLE_DEBUG_INFO = NO;
				MTL_FAST_MATH = YES;
				SDKROOT = iphoneos;
				SWIFT_COMPILATION_MODE = wholemodule;
				VALIDATE_PRODUCT = YES;
			};
			name = Release;
		};
		3123CD772C665280000C0CC1 /* Debug */ = {
			isa = XCBuildConfiguration;
			buildSettings = {
				ASSETCATALOG_COMPILER_APPICON_NAME = AppIcon;
				ASSETCATALOG_COMPILER_GLOBAL_ACCENT_COLOR_NAME = AccentColor;
				CODE_SIGN_STYLE = Automatic;
				CURRENT_PROJECT_VERSION = 1;
				DEVELOPMENT_ASSET_PATHS = "\"AirbnbSwiftUI/Preview Content\"";
				DEVELOPMENT_TEAM = 2ZSVG66847;
				ENABLE_PREVIEWS = YES;
				GENERATE_INFOPLIST_FILE = YES;
				INFOPLIST_KEY_UIApplicationSceneManifest_Generation = YES;
				INFOPLIST_KEY_UIApplicationSupportsIndirectInputEvents = YES;
				INFOPLIST_KEY_UILaunchScreen_Generation = YES;
				INFOPLIST_KEY_UISupportedInterfaceOrientations_iPad = "UIInterfaceOrientationPortrait UIInterfaceOrientationPortraitUpsideDown UIInterfaceOrientationLandscapeLeft UIInterfaceOrientationLandscapeRight";
				INFOPLIST_KEY_UISupportedInterfaceOrientations_iPhone = "UIInterfaceOrientationPortrait UIInterfaceOrientationLandscapeLeft UIInterfaceOrientationLandscapeRight";
				LD_RUNPATH_SEARCH_PATHS = (
					"$(inherited)",
					"@executable_path/Frameworks",
				);
				MARKETING_VERSION = 1.0;
				PRODUCT_BUNDLE_IDENTIFIER = me.proft.AirbnbSwiftUI;
				PRODUCT_NAME = "$(TARGET_NAME)";
				SWIFT_EMIT_LOC_STRINGS = YES;
				SWIFT_VERSION = 5.0;
				TARGETED_DEVICE_FAMILY = "1,2";
			};
			name = Debug;
		};
		3123CD782C665280000C0CC1 /* Release */ = {
			isa = XCBuildConfiguration;
			buildSettings = {
				ASSETCATALOG_COMPILER_APPICON_NAME = AppIcon;
				ASSETCATALOG_COMPILER_GLOBAL_ACCENT_COLOR_NAME = AccentColor;
				CODE_SIGN_STYLE = Automatic;
				CURRENT_PROJECT_VERSION = 1;
				DEVELOPMENT_ASSET_PATHS = "\"AirbnbSwiftUI/Preview Content\"";
				DEVELOPMENT_TEAM = 2ZSVG66847;
				ENABLE_PREVIEWS = YES;
				GENERATE_INFOPLIST_FILE = YES;
				INFOPLIST_KEY_UIApplicationSceneManifest_Generation = YES;
				INFOPLIST_KEY_UIApplicationSupportsIndirectInputEvents = YES;
				INFOPLIST_KEY_UILaunchScreen_Generation = YES;
				INFOPLIST_KEY_UISupportedInterfaceOrientations_iPad = "UIInterfaceOrientationPortrait UIInterfaceOrientationPortraitUpsideDown UIInterfaceOrientationLandscapeLeft UIInterfaceOrientationLandscapeRight";
				INFOPLIST_KEY_UISupportedInterfaceOrientations_iPhone = "UIInterfaceOrientationPortrait UIInterfaceOrientationLandscapeLeft UIInterfaceOrientationLandscapeRight";
				LD_RUNPATH_SEARCH_PATHS = (
					"$(inherited)",
					"@executable_path/Frameworks",
				);
				MARKETING_VERSION = 1.0;
				PRODUCT_BUNDLE_IDENTIFIER = me.proft.AirbnbSwiftUI;
				PRODUCT_NAME = "$(TARGET_NAME)";
				SWIFT_EMIT_LOC_STRINGS = YES;
				SWIFT_VERSION = 5.0;
				TARGETED_DEVICE_FAMILY = "1,2";
			};
			name = Release;
		};
/* End XCBuildConfiguration section */

/* Begin XCConfigurationList section */
		3123CD632C66527F000C0CC1 /* Build configuration list for PBXProject "AirbnbSwiftUI" */ = {
			isa = XCConfigurationList;
			buildConfigurations = (
				3123CD742C665280000C0CC1 /* Debug */,
				3123CD752C665280000C0CC1 /* Release */,
			);
			defaultConfigurationIsVisible = 0;
			defaultConfigurationName = Release;
		};
		3123CD762C665280000C0CC1 /* Build configuration list for PBXNativeTarget "AirbnbSwiftUI" */ = {
			isa = XCConfigurationList;
			buildConfigurations = (
				3123CD772C665280000C0CC1 /* Debug */,
				3123CD782C665280000C0CC1 /* Release */,
			);
			defaultConfigurationIsVisible = 0;
			defaultConfigurationName = Release;
		};
/* End XCConfigurationList section */
	};
	rootObject = 3123CD602C66527F000C0CC1 /* Project object */;
}
